
Microsoft Visual Studio Solution File, Format Version 12.00
# Visual Studio Version 16
VisualStudioVersion = 16.0.31321.278
MinimumVisualStudioVersion = 10.0.40219.1
Project("{FAE04EC0-301F-11D3-BF4B-00C04F79EFBC}") = "RandomUtility", "RandomUtility.csproj", "{E0AB7C51-68C8-48AE-9C2B-A8B05736D4EB}"
EndProject
Global
	GlobalSection(SolutionConfigurationPlatforms) = preSolution
		Debug|Any CPU = Debug|Any CPU
		Release|Any CPU = Release|Any CPU
	EndGlobalSection
	GlobalSection(ProjectConfigurationPlatforms) = postSolution
		{E0AB7C51-68C8-48AE-9C2B-A8B05736D4EB}.Debug|Any CPU.ActiveCfg = Debug|Any CPU
		{E0AB7C51-68C8-48AE-9C2B-A8B05736D4EB}.Debug|Any CPU.Build.0 = Debug|Any CPU
		{E0AB7C51-68C8-48AE-9C2B-A8B05736D4EB}.Release|Any CPU.ActiveCfg = Release|Any CPU
		{E0AB7C51-68C8-48AE-9C2B-A8B05736D4EB}.Release|Any CPU.Build.0 = Release|Any CPU
	EndGlobalSection
	GlobalSection(SolutionProperties) = preSolution
		HideSolutionNode = FALSE
	EndGlobalSection
	GlobalSection(ExtensibilityGlobals) = postSolution
		SolutionGuid = {0C7489BA-6D3F-45D3-8069-681636BD1793}
	EndGlobalSection
EndGlobal
